
Microsoft Visual Studio Solution File, Format Version 12.00
# Visual Studio Version 17
VisualStudioVersion = 17.5.33530.505
MinimumVisualStudioVersion = 10.0.40219.1
Project("{FAE04EC0-301F-11D3-BF4B-00C04F79EFBC}") = "Lab5_Example_Semaphore", "Lab5_Example_Semaphore.csproj", "{13A26090-977F-4C46-BC49-A121A56EB48B}"
EndProject
Global
	GlobalSection(SolutionConfigurationPlatforms) = preSolution
		Debug|Any CPU = Debug|Any CPU
		Release|Any CPU = Release|Any CPU
	EndGlobalSection
	GlobalSection(ProjectConfigurationPlatforms) = postSolution
		{13A26090-977F-4C46-BC49-A121A56EB48B}.Debug|Any CPU.ActiveCfg = Debug|Any CPU
		{13A26090-977F-4C46-BC49-A121A56EB48B}.Debug|Any CPU.Build.0 = Debug|Any CPU
		{13A26090-977F-4C46-BC49-A121A56EB48B}.Release|Any CPU.ActiveCfg = Release|Any CPU
		{13A26090-977F-4C46-BC49-A121A56EB48B}.Release|Any CPU.Build.0 = Release|Any CPU
	EndGlobalSection
	GlobalSection(SolutionProperties) = preSolution
		HideSolutionNode = FALSE
	EndGlobalSection
	GlobalSection(ExtensibilityGlobals) = postSolution
		SolutionGuid = {4875A401-5EE7-43CD-8783-24D2DE70DF11}
	EndGlobalSection
EndGlobal
